
Microsoft Visual Studio Solution File, Format Version 12.00
# Visual Studio Version 17
VisualStudioVersion = 17.9.34701.34
MinimumVisualStudioVersion = 10.0.40219.1
Project("{9A19103F-16F7-4668-BE54-9A1E7A4F7556}") = "QLCF", "QLCF.csproj", "{5239A197-7935-4541-9FAA-EBADA1E07CE4}"
EndProject
Global
	GlobalSection(SolutionConfigurationPlatforms) = preSolution
		Debug|Any CPU = Debug|Any CPU
		Release|Any CPU = Release|Any CPU
	EndGlobalSection
	GlobalSection(ProjectConfigurationPlatforms) = postSolution
		{5239A197-7935-4541-9FAA-EBADA1E07CE4}.Debug|Any CPU.ActiveCfg = Debug|Any CPU
		{5239A197-7935-4541-9FAA-EBADA1E07CE4}.Debug|Any CPU.Build.0 = Debug|Any CPU
		{5239A197-7935-4541-9FAA-EBADA1E07CE4}.Release|Any CPU.ActiveCfg = Release|Any CPU
		{5239A197-7935-4541-9FAA-EBADA1E07CE4}.Release|Any CPU.Build.0 = Release|Any CPU
	EndGlobalSection
	GlobalSection(SolutionProperties) = preSolution
		HideSolutionNode = FALSE
	EndGlobalSection
	GlobalSection(ExtensibilityGlobals) = postSolution
		SolutionGuid = {483524DD-5F9E-4E12-8367-FBF4D84F682C}
	EndGlobalSection
EndGlobal
